// !$*UTF8*$!
{
	archiveVersion = 1;
	classes = {
	};
	objectVersion = 51;
	objects = {

/* Begin PBXBuildFile section */
		84F712A996A536C25D4DFEDA /* Pods_Trains.framework in Frameworks */ = {isa = PBXBuildFile; fileRef = 249A7518629635AED15627C3 /* Pods_Trains.framework */; };
		9F1CAC152600FF5C00727BCF /* StationTableViewDataProvider.swift in Sources */ = {isa = PBXBuildFile; fileRef = 9F1CAC142600FF5C00727BCF /* StationTableViewDataProvider.swift */; };
		9F1CAC192601005500727BCF /* StationCell.swift in Sources */ = {isa = PBXBuildFile; fileRef = 9F1CAC182601005500727BCF /* StationCell.swift */; };
		9F1CAC1D2601006000727BCF /* StationCell.xib in Resources */ = {isa = PBXBuildFile; fileRef = 9F1CAC1C2601006000727BCF /* StationCell.xib */; };
		9F1CAC20260100AB00727BCF /* StationCellViewModel.swift in Sources */ = {isa = PBXBuildFile; fileRef = 9F1CAC1F260100AB00727BCF /* StationCellViewModel.swift */; };
		9F1CAC24260101A100727BCF /* StationSceneLayouts.swift in Sources */ = {isa = PBXBuildFile; fileRef = 9F1CAC23260101A100727BCF /* StationSceneLayouts.swift */; };
		9F37017E25F6C3C60004F6FC /* TrainCell.swift in Sources */ = {isa = PBXBuildFile; fileRef = 9F37017D25F6C3C50004F6FC /* TrainCell.swift */; };
		9F37018125F6C44A0004F6FC /* TrainCellViewModel.swift in Sources */ = {isa = PBXBuildFile; fileRef = 9F37018025F6C44A0004F6FC /* TrainCellViewModel.swift */; };
		9F37018425F6C4BD0004F6FC /* TrainCell.xib in Resources */ = {isa = PBXBuildFile; fileRef = 9F37018325F6C4BD0004F6FC /* TrainCell.xib */; };
		9F37018B25F6D6EE0004F6FC /* TrainSceneLayouts.swift in Sources */ = {isa = PBXBuildFile; fileRef = 9F37018A25F6D6EE0004F6FC /* TrainSceneLayouts.swift */; };
		9F37019C25F79BF70004F6FC /* TrainDetailsSceneViewController.swift in Sources */ = {isa = PBXBuildFile; fileRef = 9F37019B25F79BF60004F6FC /* TrainDetailsSceneViewController.swift */; };
		9F3701A025F79C080004F6FC /* TrainDetailsSceneViewController.storyboard in Resources */ = {isa = PBXBuildFile; fileRef = 9F37019F25F79C080004F6FC /* TrainDetailsSceneViewController.storyboard */; };
		9F3701A325F79C180004F6FC /* TrainDetailsSceneViewModel.swift in Sources */ = {isa = PBXBuildFile; fileRef = 9F3701A225F79C180004F6FC /* TrainDetailsSceneViewModel.swift */; };
		9F3701B425F7AC380004F6FC /* TrainDetailsCell.swift in Sources */ = {isa = PBXBuildFile; fileRef = 9F3701B325F7AC380004F6FC /* TrainDetailsCell.swift */; };
		9F3701B825F7AC410004F6FC /* TrainDetailsCell.xib in Resources */ = {isa = PBXBuildFile; fileRef = 9F3701B725F7AC410004F6FC /* TrainDetailsCell.xib */; };
		9F3701BB25F7AC4B0004F6FC /* TrainDetailsViewModel.swift in Sources */ = {isa = PBXBuildFile; fileRef = 9F3701BA25F7AC4B0004F6FC /* TrainDetailsViewModel.swift */; };
		9F3701C125F7B2F50004F6FC /* TrainDetailsSceneDataProvider.swift in Sources */ = {isa = PBXBuildFile; fileRef = 9F3701C025F7B2F50004F6FC /* TrainDetailsSceneDataProvider.swift */; };
		9F57829025EA31E400405E5E /* AppDelegate.swift in Sources */ = {isa = PBXBuildFile; fileRef = 9F57828F25EA31E400405E5E /* AppDelegate.swift */; };
		9F57829925EA31EA00405E5E /* Assets.xcassets in Resources */ = {isa = PBXBuildFile; fileRef = 9F57829825EA31EA00405E5E /* Assets.xcassets */; };
		9F57829C25EA31EA00405E5E /* LaunchScreen.storyboard in Resources */ = {isa = PBXBuildFile; fileRef = 9F57829A25EA31EA00405E5E /* LaunchScreen.storyboard */; };
		9F8EE55525EAB957005D4FBF /* AppDIContainer.swift in Sources */ = {isa = PBXBuildFile; fileRef = 9F8EE55425EAB957005D4FBF /* AppDIContainer.swift */; };
		9F8EE55825EAB9CD005D4FBF /* AppInitialiser.swift in Sources */ = {isa = PBXBuildFile; fileRef = 9F8EE55725EAB9CD005D4FBF /* AppInitialiser.swift */; };
		9F8EE55B25EAB9EF005D4FBF /* AppTheme.swift in Sources */ = {isa = PBXBuildFile; fileRef = 9F8EE55A25EAB9EF005D4FBF /* AppTheme.swift */; };
		9F8EE55F25EABA71005D4FBF /* Coordinatable.swift in Sources */ = {isa = PBXBuildFile; fileRef = 9F8EE55E25EABA71005D4FBF /* Coordinatable.swift */; };
		9F8EE56325EABA87005D4FBF /* MainCoordinator.swift in Sources */ = {isa = PBXBuildFile; fileRef = 9F8EE56225EABA87005D4FBF /* MainCoordinator.swift */; };
		9F8EE56B25EABBC3005D4FBF /* MainSceneViewController.swift in Sources */ = {isa = PBXBuildFile; fileRef = 9F8EE56A25EABBC3005D4FBF /* MainSceneViewController.swift */; };
		9F8EE56E25EABBDF005D4FBF /* MainSceneViewModel.swift in Sources */ = {isa = PBXBuildFile; fileRef = 9F8EE56D25EABBDF005D4FBF /* MainSceneViewModel.swift */; };
		9F8EE57325EABCD9005D4FBF /* AppDomainError.swift in Sources */ = {isa = PBXBuildFile; fileRef = 9F8EE57225EABCD9005D4FBF /* AppDomainError.swift */; };
		9F8EE57B25EABD7C005D4FBF /* UseCase.swift in Sources */ = {isa = PBXBuildFile; fileRef = 9F8EE57A25EABD7C005D4FBF /* UseCase.swift */; };
		9F8EE58025EABDE1005D4FBF /* NetworkManager.swift in Sources */ = {isa = PBXBuildFile; fileRef = 9F8EE57F25EABDE1005D4FBF /* NetworkManager.swift */; };
		9F8EE58425EABE34005D4FBF /* APIRouter.swift in Sources */ = {isa = PBXBuildFile; fileRef = 9F8EE58325EABE34005D4FBF /* APIRouter.swift */; };
		9F8EE58725EABF4B005D4FBF /* Identifiable.swift in Sources */ = {isa = PBXBuildFile; fileRef = 9F8EE58625EABF4B005D4FBF /* Identifiable.swift */; };
		9F8EE59025EAC10C005D4FBF /* Constants.swift in Sources */ = {isa = PBXBuildFile; fileRef = 9F8EE58F25EAC10C005D4FBF /* Constants.swift */; };
		9F8EE59925EAC9A0005D4FBF /* TrainSceneDataProvider.swift in Sources */ = {isa = PBXBuildFile; fileRef = 9F8EE59825EAC9A0005D4FBF /* TrainSceneDataProvider.swift */; };
		9F8EE5A125ED07B2005D4FBF /* StationType.swift in Sources */ = {isa = PBXBuildFile; fileRef = 9F8EE5A025ED07B2005D4FBF /* StationType.swift */; };
		9F8EE5A425ED09BA005D4FBF /* TrainType.swift in Sources */ = {isa = PBXBuildFile; fileRef = 9F8EE5A325ED09BA005D4FBF /* TrainType.swift */; };
		9F8EE5A725ED1F15005D4FBF /* GetAllStationsUseCase.swift in Sources */ = {isa = PBXBuildFile; fileRef = 9F8EE5A625ED1F15005D4FBF /* GetAllStationsUseCase.swift */; };
		9F8EE5AA25ED1F8F005D4FBF /* StationsCollection.swift in Sources */ = {isa = PBXBuildFile; fileRef = 9F8EE5A925ED1F8F005D4FBF /* StationsCollection.swift */; };
		9F8EE5AD25ED1F98005D4FBF /* Station.swift in Sources */ = {isa = PBXBuildFile; fileRef = 9F8EE5AC25ED1F98005D4FBF /* Station.swift */; };
		9F8EE5B425ED26B4005D4FBF /* GetAllStationsRepository.swift in Sources */ = {isa = PBXBuildFile; fileRef = 9F8EE5B325ED26B4005D4FBF /* GetAllStationsRepository.swift */; };
		9F8EE5C025ED62ED005D4FBF /* GetAllStationsRequest.swift in Sources */ = {isa = PBXBuildFile; fileRef = 9F8EE5BF25ED62ED005D4FBF /* GetAllStationsRequest.swift */; };
		9F8EE5C325ED66D8005D4FBF /* GetCurrentTrainsRequest.swift in Sources */ = {isa = PBXBuildFile; fileRef = 9F8EE5C225ED66D8005D4FBF /* GetCurrentTrainsRequest.swift */; };
		9F8EE5C625ED6728005D4FBF /* GetCurrentTrainsUseCase.swift in Sources */ = {isa = PBXBuildFile; fileRef = 9F8EE5C525ED6728005D4FBF /* GetCurrentTrainsUseCase.swift */; };
		9F8EE5C925ED6755005D4FBF /* GetCurrentTrainsRepository.swift in Sources */ = {isa = PBXBuildFile; fileRef = 9F8EE5C825ED6755005D4FBF /* GetCurrentTrainsRepository.swift */; };
		9F8EE5CD25ED766A005D4FBF /* CurrentTrainsCollection.swift in Sources */ = {isa = PBXBuildFile; fileRef = 9F8EE5CC25ED766A005D4FBF /* CurrentTrainsCollection.swift */; };
		9F8EE5D125ED76BE005D4FBF /* TrainPosition.swift in Sources */ = {isa = PBXBuildFile; fileRef = 9F8EE5D025ED76BE005D4FBF /* TrainPosition.swift */; };
		9F8EE5D825ED7D21005D4FBF /* TrainStatus.swift in Sources */ = {isa = PBXBuildFile; fileRef = 9F8EE5D725ED7D21005D4FBF /* TrainStatus.swift */; };
		9F8EE5DB25ED8778005D4FBF /* GetStationDataByNameUseCase.swift in Sources */ = {isa = PBXBuildFile; fileRef = 9F8EE5DA25ED8778005D4FBF /* GetStationDataByNameUseCase.swift */; };
		9F8EE5DE25ED878E005D4FBF /* GetStationDataByCodeUseCase.swift in Sources */ = {isa = PBXBuildFile; fileRef = 9F8EE5DD25ED878E005D4FBF /* GetStationDataByCodeUseCase.swift */; };
		9F8EE5E325ED87EC005D4FBF /* GetStationDataByNameRepository.swift in Sources */ = {isa = PBXBuildFile; fileRef = 9F8EE5E225ED87EC005D4FBF /* GetStationDataByNameRepository.swift */; };
		9F8EE5E625ED8811005D4FBF /* GetStationDataByCodeRepository.swift in Sources */ = {isa = PBXBuildFile; fileRef = 9F8EE5E525ED8811005D4FBF /* GetStationDataByCodeRepository.swift */; };
		9F8EE5E925ED8837005D4FBF /* GetStationDataByNameRequest.swift in Sources */ = {isa = PBXBuildFile; fileRef = 9F8EE5E825ED8837005D4FBF /* GetStationDataByNameRequest.swift */; };
		9F8EE5EC25ED884E005D4FBF /* GetStationDataByCodeRequest.swift in Sources */ = {isa = PBXBuildFile; fileRef = 9F8EE5EB25ED884E005D4FBF /* GetStationDataByCodeRequest.swift */; };
		9F8EE5EF25ED891A005D4FBF /* StationData.swift in Sources */ = {isa = PBXBuildFile; fileRef = 9F8EE5EE25ED891A005D4FBF /* StationData.swift */; };
		9F8EE5F325ED8DAA005D4FBF /* StationDataCollection.swift in Sources */ = {isa = PBXBuildFile; fileRef = 9F8EE5F225ED8DAA005D4FBF /* StationDataCollection.swift */; };
		9F8EE5F825EE3204005D4FBF /* GetStationsFilterUseCase.swift in Sources */ = {isa = PBXBuildFile; fileRef = 9F8EE5F725EE3204005D4FBF /* GetStationsFilterUseCase.swift */; };
		9F8EE5FB25EE3226005D4FBF /* GetStationsFilterRequest.swift in Sources */ = {isa = PBXBuildFile; fileRef = 9F8EE5FA25EE3226005D4FBF /* GetStationsFilterRequest.swift */; };
		9F8EE5FF25EE33E1005D4FBF /* StationsFilterCollection.swift in Sources */ = {isa = PBXBuildFile; fileRef = 9F8EE5FE25EE33E1005D4FBF /* StationsFilterCollection.swift */; };
		9F8EE60325EE33FC005D4FBF /* StationFilter.swift in Sources */ = {isa = PBXBuildFile; fileRef = 9F8EE60225EE33FC005D4FBF /* StationFilter.swift */; };
		9F8EE60625EE3673005D4FBF /* GetStationsFilterRepository.swift in Sources */ = {isa = PBXBuildFile; fileRef = 9F8EE60525EE3673005D4FBF /* GetStationsFilterRepository.swift */; };
		9F8EE60925EE3A56005D4FBF /* GetTrainMovementsUseCase.swift in Sources */ = {isa = PBXBuildFile; fileRef = 9F8EE60825EE3A56005D4FBF /* GetTrainMovementsUseCase.swift */; };
		9F8EE60D25EE3A8D005D4FBF /* TrainMovementsCollection.swift in Sources */ = {isa = PBXBuildFile; fileRef = 9F8EE60C25EE3A8D005D4FBF /* TrainMovementsCollection.swift */; };
		9F8EE61025EE3A9A005D4FBF /* TrainMovements.swift in Sources */ = {isa = PBXBuildFile; fileRef = 9F8EE60F25EE3A9A005D4FBF /* TrainMovements.swift */; };
		9F8EE61425EE6B61005D4FBF /* GetTrainMovementsRequest.swift in Sources */ = {isa = PBXBuildFile; fileRef = 9F8EE61325EE6B61005D4FBF /* GetTrainMovementsRequest.swift */; };
		9F8EE61725EE6C41005D4FBF /* GetTrainMovementsRepository.swift in Sources */ = {isa = PBXBuildFile; fileRef = 9F8EE61625EE6C41005D4FBF /* GetTrainMovementsRepository.swift */; };
		9F8EE61B25EE7BC2005D4FBF /* DateFormatter+DomainFormatters.swift in Sources */ = {isa = PBXBuildFile; fileRef = 9F8EE61A25EE7BC2005D4FBF /* DateFormatter+DomainFormatters.swift */; };
		9F8EE62125EE9D28005D4FBF /* NibInstantiable.swift in Sources */ = {isa = PBXBuildFile; fileRef = 9F8EE62025EE9D28005D4FBF /* NibInstantiable.swift */; };
		9F8EE62425EEA0C9005D4FBF /* StoryboardInstantiable.swift in Sources */ = {isa = PBXBuildFile; fileRef = 9F8EE62325EEA0C9005D4FBF /* StoryboardInstantiable.swift */; };
		9F8EE62825EEA0FE005D4FBF /* MainSceneViewController.storyboard in Resources */ = {isa = PBXBuildFile; fileRef = 9F8EE62725EEA0FE005D4FBF /* MainSceneViewController.storyboard */; };
		9FBDCA8025F0080A00273686 /* SelectStationCell.swift in Sources */ = {isa = PBXBuildFile; fileRef = 9FBDCA7F25F0080A00273686 /* SelectStationCell.swift */; };
		9FBDCA8325F0084800273686 /* SelectStationCellViewModel.swift in Sources */ = {isa = PBXBuildFile; fileRef = 9FBDCA8225F0084800273686 /* SelectStationCellViewModel.swift */; };
		9FBDCA8825F026BF00273686 /* String+Additions.swift in Sources */ = {isa = PBXBuildFile; fileRef = 9FBDCA8725F026BF00273686 /* String+Additions.swift */; };
		9FBDCA9025F03E9000273686 /* SelectStationCellType.swift in Sources */ = {isa = PBXBuildFile; fileRef = 9FBDCA8F25F03E9000273686 /* SelectStationCellType.swift */; };
		9FBDCA9825F0436B00273686 /* StationSceneViewController.swift in Sources */ = {isa = PBXBuildFile; fileRef = 9FBDCA9725F0436B00273686 /* StationSceneViewController.swift */; };
		9FBDCA9B25F0437A00273686 /* StationSceneViewModel.swift in Sources */ = {isa = PBXBuildFile; fileRef = 9FBDCA9A25F0437A00273686 /* StationSceneViewModel.swift */; };
		9FBDCAA025F043A800273686 /* TrainSceneViewController.swift in Sources */ = {isa = PBXBuildFile; fileRef = 9FBDCA9F25F043A800273686 /* TrainSceneViewController.swift */; };
		9FBDCAA325F043B300273686 /* TrainSceneViewModel.swift in Sources */ = {isa = PBXBuildFile; fileRef = 9FBDCAA225F043B300273686 /* TrainSceneViewModel.swift */; };
		9FBDCAA725F0463300273686 /* TrainSceneViewController.storyboard in Resources */ = {isa = PBXBuildFile; fileRef = 9FBDCAA625F0463300273686 /* TrainSceneViewController.storyboard */; };
		9FBDCAAB25F0469C00273686 /* StationSceneViewController.storyboard in Resources */ = {isa = PBXBuildFile; fileRef = 9FBDCAAA25F0469C00273686 /* StationSceneViewController.storyboard */; };
		9FBDCAB025F0552300273686 /* Localizable.strings in Resources */ = {isa = PBXBuildFile; fileRef = 9FBDCAB225F0552300273686 /* Localizable.strings */; };
/* End PBXBuildFile section */

/* Begin PBXFileReference section */
		249A7518629635AED15627C3 /* Pods_Trains.framework */ = {isa = PBXFileReference; explicitFileType = wrapper.framework; includeInIndex = 0; path = Pods_Trains.framework; sourceTree = BUILT_PRODUCTS_DIR; };
		631DAE4B44D7DC24B2885A68 /* Pods-Trains.release.xcconfig */ = {isa = PBXFileReference; includeInIndex = 1; lastKnownFileType = text.xcconfig; name = "Pods-Trains.release.xcconfig"; path = "Target Support Files/Pods-Trains/Pods-Trains.release.xcconfig"; sourceTree = "<group>"; };
		72F4910E5F7B923AC23659CB /* Pods-Trains.debug.xcconfig */ = {isa = PBXFileReference; includeInIndex = 1; lastKnownFileType = text.xcconfig; name = "Pods-Trains.debug.xcconfig"; path = "Target Support Files/Pods-Trains/Pods-Trains.debug.xcconfig"; sourceTree = "<group>"; };
		9F1CAC142600FF5C00727BCF /* StationTableViewDataProvider.swift */ = {isa = PBXFileReference; lastKnownFileType = sourcecode.swift; path = StationTableViewDataProvider.swift; sourceTree = "<group>"; };
		9F1CAC182601005500727BCF /* StationCell.swift */ = {isa = PBXFileReference; lastKnownFileType = sourcecode.swift; path = StationCell.swift; sourceTree = "<group>"; };
		9F1CAC1C2601006000727BCF /* StationCell.xib */ = {isa = PBXFileReference; lastKnownFileType = file.xib; path = StationCell.xib; sourceTree = "<group>"; };
		9F1CAC1F260100AB00727BCF /* StationCellViewModel.swift */ = {isa = PBXFileReference; lastKnownFileType = sourcecode.swift; path = StationCellViewModel.swift; sourceTree = "<group>"; };
		9F1CAC23260101A100727BCF /* StationSceneLayouts.swift */ = {isa = PBXFileReference; lastKnownFileType = sourcecode.swift; path = StationSceneLayouts.swift; sourceTree = "<group>"; };
		9F37017D25F6C3C50004F6FC /* TrainCell.swift */ = {isa = PBXFileReference; lastKnownFileType = sourcecode.swift; path = TrainCell.swift; sourceTree = "<group>"; };
		9F37018025F6C44A0004F6FC /* TrainCellViewModel.swift */ = {isa = PBXFileReference; lastKnownFileType = sourcecode.swift; path = TrainCellViewModel.swift; sourceTree = "<group>"; };
		9F37018325F6C4BD0004F6FC /* TrainCell.xib */ = {isa = PBXFileReference; lastKnownFileType = file.xib; path = TrainCell.xib; sourceTree = "<group>"; };
		9F37018A25F6D6EE0004F6FC /* TrainSceneLayouts.swift */ = {isa = PBXFileReference; lastKnownFileType = sourcecode.swift; path = TrainSceneLayouts.swift; sourceTree = "<group>"; };
		9F37019B25F79BF60004F6FC /* TrainDetailsSceneViewController.swift */ = {isa = PBXFileReference; lastKnownFileType = sourcecode.swift; path = TrainDetailsSceneViewController.swift; sourceTree = "<group>"; };
		9F37019F25F79C080004F6FC /* TrainDetailsSceneViewController.storyboard */ = {isa = PBXFileReference; lastKnownFileType = file.storyboard; path = TrainDetailsSceneViewController.storyboard; sourceTree = "<group>"; };
		9F3701A225F79C180004F6FC /* TrainDetailsSceneViewModel.swift */ = {isa = PBXFileReference; lastKnownFileType = sourcecode.swift; path = TrainDetailsSceneViewModel.swift; sourceTree = "<group>"; };
		9F3701B325F7AC380004F6FC /* TrainDetailsCell.swift */ = {isa = PBXFileReference; lastKnownFileType = sourcecode.swift; path = TrainDetailsCell.swift; sourceTree = "<group>"; };
		9F3701B725F7AC410004F6FC /* TrainDetailsCell.xib */ = {isa = PBXFileReference; lastKnownFileType = file.xib; path = TrainDetailsCell.xib; sourceTree = "<group>"; };
		9F3701BA25F7AC4B0004F6FC /* TrainDetailsViewModel.swift */ = {isa = PBXFileReference; lastKnownFileType = sourcecode.swift; path = TrainDetailsViewModel.swift; sourceTree = "<group>"; };
		9F3701C025F7B2F50004F6FC /* TrainDetailsSceneDataProvider.swift */ = {isa = PBXFileReference; fileEncoding = 4; lastKnownFileType = sourcecode.swift; path = TrainDetailsSceneDataProvider.swift; sourceTree = "<group>"; };
		9F57828C25EA31E400405E5E /* Trains.app */ = {isa = PBXFileReference; explicitFileType = wrapper.application; includeInIndex = 0; path = Trains.app; sourceTree = BUILT_PRODUCTS_DIR; };
		9F57828F25EA31E400405E5E /* AppDelegate.swift */ = {isa = PBXFileReference; lastKnownFileType = sourcecode.swift; path = AppDelegate.swift; sourceTree = "<group>"; };
		9F57829825EA31EA00405E5E /* Assets.xcassets */ = {isa = PBXFileReference; lastKnownFileType = folder.assetcatalog; path = Assets.xcassets; sourceTree = "<group>"; };
		9F57829B25EA31EA00405E5E /* Base */ = {isa = PBXFileReference; lastKnownFileType = file.storyboard; name = Base; path = Base.lproj/LaunchScreen.storyboard; sourceTree = "<group>"; };
		9F57829D25EA31EA00405E5E /* Info.plist */ = {isa = PBXFileReference; lastKnownFileType = text.plist.xml; path = Info.plist; sourceTree = "<group>"; };
		9F8EE55425EAB957005D4FBF /* AppDIContainer.swift */ = {isa = PBXFileReference; lastKnownFileType = sourcecode.swift; path = AppDIContainer.swift; sourceTree = "<group>"; };
		9F8EE55725EAB9CD005D4FBF /* AppInitialiser.swift */ = {isa = PBXFileReference; lastKnownFileType = sourcecode.swift; path = AppInitialiser.swift; sourceTree = "<group>"; };
		9F8EE55A25EAB9EF005D4FBF /* AppTheme.swift */ = {isa = PBXFileReference; lastKnownFileType = sourcecode.swift; path = AppTheme.swift; sourceTree = "<group>"; };
		9F8EE55E25EABA71005D4FBF /* Coordinatable.swift */ = {isa = PBXFileReference; lastKnownFileType = sourcecode.swift; path = Coordinatable.swift; sourceTree = "<group>"; };
		9F8EE56225EABA87005D4FBF /* MainCoordinator.swift */ = {isa = PBXFileReference; lastKnownFileType = sourcecode.swift; path = MainCoordinator.swift; sourceTree = "<group>"; };
		9F8EE56A25EABBC3005D4FBF /* MainSceneViewController.swift */ = {isa = PBXFileReference; lastKnownFileType = sourcecode.swift; path = MainSceneViewController.swift; sourceTree = "<group>"; };
		9F8EE56D25EABBDF005D4FBF /* MainSceneViewModel.swift */ = {isa = PBXFileReference; lastKnownFileType = sourcecode.swift; path = MainSceneViewModel.swift; sourceTree = "<group>"; };
		9F8EE57225EABCD9005D4FBF /* AppDomainError.swift */ = {isa = PBXFileReference; lastKnownFileType = sourcecode.swift; path = AppDomainError.swift; sourceTree = "<group>"; };
		9F8EE57A25EABD7C005D4FBF /* UseCase.swift */ = {isa = PBXFileReference; lastKnownFileType = sourcecode.swift; path = UseCase.swift; sourceTree = "<group>"; };
		9F8EE57F25EABDE1005D4FBF /* NetworkManager.swift */ = {isa = PBXFileReference; lastKnownFileType = sourcecode.swift; path = NetworkManager.swift; sourceTree = "<group>"; };
		9F8EE58325EABE34005D4FBF /* APIRouter.swift */ = {isa = PBXFileReference; lastKnownFileType = sourcecode.swift; path = APIRouter.swift; sourceTree = "<group>"; };
		9F8EE58625EABF4B005D4FBF /* Identifiable.swift */ = {isa = PBXFileReference; lastKnownFileType = sourcecode.swift; path = Identifiable.swift; sourceTree = "<group>"; };
		9F8EE58F25EAC10C005D4FBF /* Constants.swift */ = {isa = PBXFileReference; lastKnownFileType = sourcecode.swift; path = Constants.swift; sourceTree = "<group>"; };
		9F8EE59825EAC9A0005D4FBF /* TrainSceneDataProvider.swift */ = {isa = PBXFileReference; lastKnownFileType = sourcecode.swift; path = TrainSceneDataProvider.swift; sourceTree = "<group>"; };
		9F8EE5A025ED07B2005D4FBF /* StationType.swift */ = {isa = PBXFileReference; lastKnownFileType = sourcecode.swift; path = StationType.swift; sourceTree = "<group>"; };
		9F8EE5A325ED09BA005D4FBF /* TrainType.swift */ = {isa = PBXFileReference; lastKnownFileType = sourcecode.swift; path = TrainType.swift; sourceTree = "<group>"; };
		9F8EE5A625ED1F15005D4FBF /* GetAllStationsUseCase.swift */ = {isa = PBXFileReference; lastKnownFileType = sourcecode.swift; path = GetAllStationsUseCase.swift; sourceTree = "<group>"; };
		9F8EE5A925ED1F8F005D4FBF /* StationsCollection.swift */ = {isa = PBXFileReference; lastKnownFileType = sourcecode.swift; path = StationsCollection.swift; sourceTree = "<group>"; };
		9F8EE5AC25ED1F98005D4FBF /* Station.swift */ = {isa = PBXFileReference; lastKnownFileType = sourcecode.swift; path = Station.swift; sourceTree = "<group>"; };
		9F8EE5B325ED26B4005D4FBF /* GetAllStationsRepository.swift */ = {isa = PBXFileReference; lastKnownFileType = sourcecode.swift; path = GetAllStationsRepository.swift; sourceTree = "<group>"; };
		9F8EE5BF25ED62ED005D4FBF /* GetAllStationsRequest.swift */ = {isa = PBXFileReference; lastKnownFileType = sourcecode.swift; path = GetAllStationsRequest.swift; sourceTree = "<group>"; };
		9F8EE5C225ED66D8005D4FBF /* GetCurrentTrainsRequest.swift */ = {isa = PBXFileReference; lastKnownFileType = sourcecode.swift; path = GetCurrentTrainsRequest.swift; sourceTree = "<group>"; };
		9F8EE5C525ED6728005D4FBF /* GetCurrentTrainsUseCase.swift */ = {isa = PBXFileReference; lastKnownFileType = sourcecode.swift; path = GetCurrentTrainsUseCase.swift; sourceTree = "<group>"; };
		9F8EE5C825ED6755005D4FBF /* GetCurrentTrainsRepository.swift */ = {isa = PBXFileReference; lastKnownFileType = sourcecode.swift; path = GetCurrentTrainsRepository.swift; sourceTree = "<group>"; };
		9F8EE5CC25ED766A005D4FBF /* CurrentTrainsCollection.swift */ = {isa = PBXFileReference; lastKnownFileType = sourcecode.swift; path = CurrentTrainsCollection.swift; sourceTree = "<group>"; };
		9F8EE5D025ED76BE005D4FBF /* TrainPosition.swift */ = {isa = PBXFileReference; lastKnownFileType = sourcecode.swift; path = TrainPosition.swift; sourceTree = "<group>"; };
		9F8EE5D725ED7D21005D4FBF /* TrainStatus.swift */ = {isa = PBXFileReference; lastKnownFileType = sourcecode.swift; path = TrainStatus.swift; sourceTree = "<group>"; };
		9F8EE5DA25ED8778005D4FBF /* GetStationDataByNameUseCase.swift */ = {isa = PBXFileReference; lastKnownFileType = sourcecode.swift; path = GetStationDataByNameUseCase.swift; sourceTree = "<group>"; };
		9F8EE5DD25ED878E005D4FBF /* GetStationDataByCodeUseCase.swift */ = {isa = PBXFileReference; lastKnownFileType = sourcecode.swift; path = GetStationDataByCodeUseCase.swift; sourceTree = "<group>"; };
		9F8EE5E225ED87EC005D4FBF /* GetStationDataByNameRepository.swift */ = {isa = PBXFileReference; lastKnownFileType = sourcecode.swift; path = GetStationDataByNameRepository.swift; sourceTree = "<group>"; };
		9F8EE5E525ED8811005D4FBF /* GetStationDataByCodeRepository.swift */ = {isa = PBXFileReference; lastKnownFileType = sourcecode.swift; path = GetStationDataByCodeRepository.swift; sourceTree = "<group>"; };
		9F8EE5E825ED8837005D4FBF /* GetStationDataByNameRequest.swift */ = {isa = PBXFileReference; lastKnownFileType = sourcecode.swift; path = GetStationDataByNameRequest.swift; sourceTree = "<group>"; };
		9F8EE5EB25ED884E005D4FBF /* GetStationDataByCodeRequest.swift */ = {isa = PBXFileReference; lastKnownFileType = sourcecode.swift; path = GetStationDataByCodeRequest.swift; sourceTree = "<group>"; };
		9F8EE5EE25ED891A005D4FBF /* StationData.swift */ = {isa = PBXFileReference; lastKnownFileType = sourcecode.swift; path = StationData.swift; sourceTree = "<group>"; };
		9F8EE5F225ED8DAA005D4FBF /* StationDataCollection.swift */ = {isa = PBXFileReference; lastKnownFileType = sourcecode.swift; path = StationDataCollection.swift; sourceTree = "<group>"; };
		9F8EE5F725EE3204005D4FBF /* GetStationsFilterUseCase.swift */ = {isa = PBXFileReference; lastKnownFileType = sourcecode.swift; path = GetStationsFilterUseCase.swift; sourceTree = "<group>"; };
		9F8EE5FA25EE3226005D4FBF /* GetStationsFilterRequest.swift */ = {isa = PBXFileReference; lastKnownFileType = sourcecode.swift; path = GetStationsFilterRequest.swift; sourceTree = "<group>"; };
		9F8EE5FE25EE33E1005D4FBF /* StationsFilterCollection.swift */ = {isa = PBXFileReference; lastKnownFileType = sourcecode.swift; path = StationsFilterCollection.swift; sourceTree = "<group>"; };
		9F8EE60225EE33FC005D4FBF /* StationFilter.swift */ = {isa = PBXFileReference; lastKnownFileType = sourcecode.swift; path = StationFilter.swift; sourceTree = "<group>"; };
		9F8EE60525EE3673005D4FBF /* GetStationsFilterRepository.swift */ = {isa = PBXFileReference; lastKnownFileType = sourcecode.swift; path = GetStationsFilterRepository.swift; sourceTree = "<group>"; };
		9F8EE60825EE3A56005D4FBF /* GetTrainMovementsUseCase.swift */ = {isa = PBXFileReference; lastKnownFileType = sourcecode.swift; path = GetTrainMovementsUseCase.swift; sourceTree = "<group>"; };
		9F8EE60C25EE3A8D005D4FBF /* TrainMovementsCollection.swift */ = {isa = PBXFileReference; lastKnownFileType = sourcecode.swift; path = TrainMovementsCollection.swift; sourceTree = "<group>"; };
		9F8EE60F25EE3A9A005D4FBF /* TrainMovements.swift */ = {isa = PBXFileReference; lastKnownFileType = sourcecode.swift; path = TrainMovements.swift; sourceTree = "<group>"; };
		9F8EE61325EE6B61005D4FBF /* GetTrainMovementsRequest.swift */ = {isa = PBXFileReference; lastKnownFileType = sourcecode.swift; path = GetTrainMovementsRequest.swift; sourceTree = "<group>"; };
		9F8EE61625EE6C41005D4FBF /* GetTrainMovementsRepository.swift */ = {isa = PBXFileReference; lastKnownFileType = sourcecode.swift; path = GetTrainMovementsRepository.swift; sourceTree = "<group>"; };
		9F8EE61A25EE7BC2005D4FBF /* DateFormatter+DomainFormatters.swift */ = {isa = PBXFileReference; lastKnownFileType = sourcecode.swift; path = "DateFormatter+DomainFormatters.swift"; sourceTree = "<group>"; };
		9F8EE62025EE9D28005D4FBF /* NibInstantiable.swift */ = {isa = PBXFileReference; lastKnownFileType = sourcecode.swift; path = NibInstantiable.swift; sourceTree = "<group>"; };
		9F8EE62325EEA0C9005D4FBF /* StoryboardInstantiable.swift */ = {isa = PBXFileReference; lastKnownFileType = sourcecode.swift; path = StoryboardInstantiable.swift; sourceTree = "<group>"; };
		9F8EE62725EEA0FE005D4FBF /* MainSceneViewController.storyboard */ = {isa = PBXFileReference; lastKnownFileType = file.storyboard; path = MainSceneViewController.storyboard; sourceTree = "<group>"; };
		9FBDCA7F25F0080A00273686 /* SelectStationCell.swift */ = {isa = PBXFileReference; lastKnownFileType = sourcecode.swift; path = SelectStationCell.swift; sourceTree = "<group>"; };
		9FBDCA8225F0084800273686 /* SelectStationCellViewModel.swift */ = {isa = PBXFileReference; lastKnownFileType = sourcecode.swift; path = SelectStationCellViewModel.swift; sourceTree = "<group>"; };
		9FBDCA8725F026BF00273686 /* String+Additions.swift */ = {isa = PBXFileReference; lastKnownFileType = sourcecode.swift; path = "String+Additions.swift"; sourceTree = "<group>"; };
		9FBDCA8F25F03E9000273686 /* SelectStationCellType.swift */ = {isa = PBXFileReference; lastKnownFileType = sourcecode.swift; path = SelectStationCellType.swift; sourceTree = "<group>"; };
		9FBDCA9725F0436B00273686 /* StationSceneViewController.swift */ = {isa = PBXFileReference; lastKnownFileType = sourcecode.swift; path = StationSceneViewController.swift; sourceTree = "<group>"; };
		9FBDCA9A25F0437A00273686 /* StationSceneViewModel.swift */ = {isa = PBXFileReference; lastKnownFileType = sourcecode.swift; path = StationSceneViewModel.swift; sourceTree = "<group>"; };
		9FBDCA9F25F043A800273686 /* TrainSceneViewController.swift */ = {isa = PBXFileReference; lastKnownFileType = sourcecode.swift; path = TrainSceneViewController.swift; sourceTree = "<group>"; };
		9FBDCAA225F043B300273686 /* TrainSceneViewModel.swift */ = {isa = PBXFileReference; lastKnownFileType = sourcecode.swift; path = TrainSceneViewModel.swift; sourceTree = "<group>"; };
		9FBDCAA625F0463300273686 /* TrainSceneViewController.storyboard */ = {isa = PBXFileReference; lastKnownFileType = file.storyboard; path = TrainSceneViewController.storyboard; sourceTree = "<group>"; };
		9FBDCAAA25F0469C00273686 /* StationSceneViewController.storyboard */ = {isa = PBXFileReference; lastKnownFileType = file.storyboard; path = StationSceneViewController.storyboard; sourceTree = "<group>"; };
		9FBDCAB125F0552300273686 /* en */ = {isa = PBXFileReference; lastKnownFileType = text.plist.strings; name = en; path = en.lproj/Localizable.strings; sourceTree = "<group>"; };
/* End PBXFileReference section */

/* Begin PBXFrameworksBuildPhase section */
		9F57828925EA31E400405E5E /* Frameworks */ = {
			isa = PBXFrameworksBuildPhase;
			buildActionMask = 2147483647;
			files = (
				84F712A996A536C25D4DFEDA /* Pods_Trains.framework in Frameworks */,
			);
			runOnlyForDeploymentPostprocessing = 0;
		};
/* End PBXFrameworksBuildPhase section */

/* Begin PBXGroup section */
		9F1CAC172601004A00727BCF /* Cells */ = {
			isa = PBXGroup;
			children = (
				9F1CAC1F260100AB00727BCF /* StationCellViewModel.swift */,
				9F1CAC182601005500727BCF /* StationCell.swift */,
				9F1CAC1C2601006000727BCF /* StationCell.xib */,
			);
			path = Cells;
			sourceTree = "<group>";
		};
		9F1CAC222601019500727BCF /* Layouts */ = {
			isa = PBXGroup;
			children = (
				9F1CAC23260101A100727BCF /* StationSceneLayouts.swift */,
			);
			path = Layouts;
			sourceTree = "<group>";
		};
		9F37017625F654930004F6FC /* DataProviders */ = {
			isa = PBXGroup;
			children = (
				9F8EE59825EAC9A0005D4FBF /* TrainSceneDataProvider.swift */,
			);
			path = DataProviders;
			sourceTree = "<group>";
		};
		9F37017C25F6C3B60004F6FC /* Cells */ = {
			isa = PBXGroup;
			children = (
				9F37018025F6C44A0004F6FC /* TrainCellViewModel.swift */,
				9F37017D25F6C3C50004F6FC /* TrainCell.swift */,
				9F37018325F6C4BD0004F6FC /* TrainCell.xib */,
			);
			path = Cells;
			sourceTree = "<group>";
		};
		9F37018925F6D6D90004F6FC /* Layouts */ = {
			isa = PBXGroup;
			children = (
				9F37018A25F6D6EE0004F6FC /* TrainSceneLayouts.swift */,
			);
			path = Layouts;
			sourceTree = "<group>";
		};
		9F37019725F79BC00004F6FC /* TrainDetails */ = {
			isa = PBXGroup;
			children = (
				9F3701BF25F7B2E90004F6FC /* DataProviders */,
				9F37019825F79BCB0004F6FC /* View */,
			);
			path = TrainDetails;
			sourceTree = "<group>";
		};
		9F37019825F79BCB0004F6FC /* View */ = {
			isa = PBXGroup;
			children = (
				9F3701B225F7AC280004F6FC /* Cells */,
				9F3701A225F79C180004F6FC /* TrainDetailsSceneViewModel.swift */,
				9F37019B25F79BF60004F6FC /* TrainDetailsSceneViewController.swift */,
				9F37019F25F79C080004F6FC /* TrainDetailsSceneViewController.storyboard */,
			);
			path = View;
			sourceTree = "<group>";
		};
		9F3701B225F7AC280004F6FC /* Cells */ = {
			isa = PBXGroup;
			children = (
				9F3701BA25F7AC4B0004F6FC /* TrainDetailsViewModel.swift */,
				9F3701B325F7AC380004F6FC /* TrainDetailsCell.swift */,
				9F3701B725F7AC410004F6FC /* TrainDetailsCell.xib */,
			);
			path = Cells;
			sourceTree = "<group>";
		};
		9F3701BF25F7B2E90004F6FC /* DataProviders */ = {
			isa = PBXGroup;
			children = (
				9F3701C025F7B2F50004F6FC /* TrainDetailsSceneDataProvider.swift */,
			);
			path = DataProviders;
			sourceTree = "<group>";
		};
		9F3701C425F7D1500004F6FC /* DataProviders */ = {
			isa = PBXGroup;
			children = (
				9F1CAC142600FF5C00727BCF /* StationTableViewDataProvider.swift */,
			);
			path = DataProviders;
			sourceTree = "<group>";
		};
		9F57828325EA31E400405E5E = {
			isa = PBXGroup;
			children = (
				9F57828E25EA31E400405E5E /* Trains */,
				9F57828D25EA31E400405E5E /* Products */,
				D84E795F9F4670B07A8423DC /* Pods */,
				F53107AD163832B4838828D6 /* Frameworks */,
			);
			sourceTree = "<group>";
		};
		9F57828D25EA31E400405E5E /* Products */ = {
			isa = PBXGroup;
			children = (
				9F57828C25EA31E400405E5E /* Trains.app */,
			);
			name = Products;
			sourceTree = "<group>";
		};
		9F57828E25EA31E400405E5E /* Trains */ = {
			isa = PBXGroup;
			children = (
				9F5782A925EA33B400405E5E /* Application */,
				9F5782AA25EA33C000405E5E /* Presentation */,
				9F5782AB25EA33D100405E5E /* Domain */,
				9F5782AC25EA33DD00405E5E /* Data */,
				9F5782AD25EA33EA00405E5E /* Utils */,
				9F5782AE25EA33F800405E5E /* SupportingFiles */,
				9F5782AF25EA340C00405E5E /* Resources */,
			);
			path = Trains;
			sourceTree = "<group>";
		};
		9F5782A925EA33B400405E5E /* Application */ = {
			isa = PBXGroup;
			children = (
				9F5782B125EA342800405E5E /* DIContainer */,
				9F57828F25EA31E400405E5E /* AppDelegate.swift */,
				9F8EE55725EAB9CD005D4FBF /* AppInitialiser.swift */,
				9F8EE55A25EAB9EF005D4FBF /* AppTheme.swift */,
			);
			path = Application;
			sourceTree = "<group>";
		};
		9F5782AA25EA33C000405E5E /* Presentation */ = {
			isa = PBXGroup;
			children = (
				9F8EE55D25EABA54005D4FBF /* Coordinators */,
				9F5782B325EA348100405E5E /* Scenes */,
			);
			path = Presentation;
			sourceTree = "<group>";
		};
		9F5782AB25EA33D100405E5E /* Domain */ = {
			isa = PBXGroup;
			children = (
				9F8EE61925EE7B99005D4FBF /* Formatters */,
				9F8EE57025EABCBD005D4FBF /* Entities */,
				9F8EE57125EABCC3005D4FBF /* Errors */,
			);
			path = Domain;
			sourceTree = "<group>";
		};
		9F5782AC25EA33DD00405E5E /* Data */ = {
			isa = PBXGroup;
			children = (
				9F8EE57E25EABDC6005D4FBF /* Repositories */,
				9F8EE57D25EABDBC005D4FBF /* Network */,
			);
			path = Data;
			sourceTree = "<group>";
		};
		9F5782AD25EA33EA00405E5E /* Utils */ = {
			isa = PBXGroup;
			children = (
				9F8EE58625EABF4B005D4FBF /* Identifiable.swift */,
				9F8EE62025EE9D28005D4FBF /* NibInstantiable.swift */,
				9F8EE62325EEA0C9005D4FBF /* StoryboardInstantiable.swift */,
				9FBDCA8725F026BF00273686 /* String+Additions.swift */,
			);
			path = Utils;
			sourceTree = "<group>";
		};
		9F5782AE25EA33F800405E5E /* SupportingFiles */ = {
			isa = PBXGroup;
			children = (
				9F57829D25EA31EA00405E5E /* Info.plist */,
			);
			path = SupportingFiles;
			sourceTree = "<group>";
		};
		9F5782AF25EA340C00405E5E /* Resources */ = {
			isa = PBXGroup;
			children = (
				9FBDCA8A25F026FF00273686 /* Strings */,
				9F5782B225EA344700405E5E /* Assets */,
			);
			path = Resources;
			sourceTree = "<group>";
		};
		9F5782B125EA342800405E5E /* DIContainer */ = {
			isa = PBXGroup;
			children = (
				9F8EE55425EAB957005D4FBF /* AppDIContainer.swift */,
			);
			path = DIContainer;
			sourceTree = "<group>";
		};
		9F5782B225EA344700405E5E /* Assets */ = {
			isa = PBXGroup;
			children = (
				9F57829825EA31EA00405E5E /* Assets.xcassets */,
			);
			path = Assets;
			sourceTree = "<group>";
		};
		9F5782B325EA348100405E5E /* Scenes */ = {
			isa = PBXGroup;
			children = (
				9F5782B425EA348A00405E5E /* Launch */,
				9F5782B525EA349800405E5E /* Main */,
				9FBDCA9425F0432F00273686 /* Train */,
				9F37019725F79BC00004F6FC /* TrainDetails */,
				9FBDCA9525F0433800273686 /* Station */,
			);
			path = Scenes;
			sourceTree = "<group>";
		};
		9F5782B425EA348A00405E5E /* Launch */ = {
			isa = PBXGroup;
			children = (
				9F57829A25EA31EA00405E5E /* LaunchScreen.storyboard */,
			);
			path = Launch;
			sourceTree = "<group>";
		};
		9F5782B525EA349800405E5E /* Main */ = {
			isa = PBXGroup;
			children = (
				9F8EE56625EABB53005D4FBF /* View */,
			);
			path = Main;
			sourceTree = "<group>";
		};
		9F8EE55D25EABA54005D4FBF /* Coordinators */ = {
			isa = PBXGroup;
			children = (
				9F8EE55E25EABA71005D4FBF /* Coordinatable.swift */,
				9F8EE56225EABA87005D4FBF /* MainCoordinator.swift */,
			);
			path = Coordinators;
			sourceTree = "<group>";
		};
		9F8EE56625EABB53005D4FBF /* View */ = {
			isa = PBXGroup;
			children = (
				9F8EE56725EABB77005D4FBF /* Cells */,
				9F8EE56D25EABBDF005D4FBF /* MainSceneViewModel.swift */,
				9F8EE56A25EABBC3005D4FBF /* MainSceneViewController.swift */,
				9F8EE62725EEA0FE005D4FBF /* MainSceneViewController.storyboard */,
			);
			path = View;
			sourceTree = "<group>";
		};
		9F8EE56725EABB77005D4FBF /* Cells */ = {
			isa = PBXGroup;
			children = (
				9FBDCA7F25F0080A00273686 /* SelectStationCell.swift */,
				9FBDCA8225F0084800273686 /* SelectStationCellViewModel.swift */,
			);
			path = Cells;
			sourceTree = "<group>";
		};
		9F8EE57025EABCBD005D4FBF /* Entities */ = {
			isa = PBXGroup;
			children = (
				9F8EE5BE25ED62DC005D4FBF /* Requests */,
				9F8EE57625EABD1E005D4FBF /* UseCases */,
				9F8EE57825EABD39005D4FBF /* Models */,
				9F8EE57725EABD2D005D4FBF /* Constants */,
			);
			path = Entities;
			sourceTree = "<group>";
		};
		9F8EE57125EABCC3005D4FBF /* Errors */ = {
			isa = PBXGroup;
			children = (
				9F8EE57225EABCD9005D4FBF /* AppDomainError.swift */,
			);
			path = Errors;
			sourceTree = "<group>";
		};
		9F8EE57625EABD1E005D4FBF /* UseCases */ = {
			isa = PBXGroup;
			children = (
				9F8EE57925EABD53005D4FBF /* Protocols */,
				9F8EE5A625ED1F15005D4FBF /* GetAllStationsUseCase.swift */,
				9F8EE5C525ED6728005D4FBF /* GetCurrentTrainsUseCase.swift */,
				9F8EE5DA25ED8778005D4FBF /* GetStationDataByNameUseCase.swift */,
				9F8EE5DD25ED878E005D4FBF /* GetStationDataByCodeUseCase.swift */,
				9F8EE5F725EE3204005D4FBF /* GetStationsFilterUseCase.swift */,
				9F8EE60825EE3A56005D4FBF /* GetTrainMovementsUseCase.swift */,
			);
			path = UseCases;
			sourceTree = "<group>";
		};
		9F8EE57725EABD2D005D4FBF /* Constants */ = {
			isa = PBXGroup;
			children = (
				9F8EE58F25EAC10C005D4FBF /* Constants.swift */,
			);
			path = Constants;
			sourceTree = "<group>";
		};
		9F8EE57825EABD39005D4FBF /* Models */ = {
			isa = PBXGroup;
			children = (
				9FBDCA9225F0405D00273686 /* DTO */,
				9FBDCA8E25F03E5D00273686 /* UI */,
			);
			path = Models;
			sourceTree = "<group>";
		};
		9F8EE57925EABD53005D4FBF /* Protocols */ = {
			isa = PBXGroup;
			children = (
				9F8EE57A25EABD7C005D4FBF /* UseCase.swift */,
			);
			path = Protocols;
			sourceTree = "<group>";
		};
		9F8EE57D25EABDBC005D4FBF /* Network */ = {
			isa = PBXGroup;
			children = (
				9F8EE57F25EABDE1005D4FBF /* NetworkManager.swift */,
				9F8EE58325EABE34005D4FBF /* APIRouter.swift */,
			);
			path = Network;
			sourceTree = "<group>";
		};
		9F8EE57E25EABDC6005D4FBF /* Repositories */ = {
			isa = PBXGroup;
			children = (
				9F8EE5B325ED26B4005D4FBF /* GetAllStationsRepository.swift */,
				9F8EE5C825ED6755005D4FBF /* GetCurrentTrainsRepository.swift */,
				9F8EE5E225ED87EC005D4FBF /* GetStationDataByNameRepository.swift */,
				9F8EE5E525ED8811005D4FBF /* GetStationDataByCodeRepository.swift */,
				9F8EE60525EE3673005D4FBF /* GetStationsFilterRepository.swift */,
				9F8EE61625EE6C41005D4FBF /* GetTrainMovementsRepository.swift */,
			);
			path = Repositories;
			sourceTree = "<group>";
		};
		9F8EE5B025ED1FA6005D4FBF /* Station */ = {
			isa = PBXGroup;
			children = (
				9F8EE5FD25EE33D3005D4FBF /* Filter */,
				9F8EE5F125ED8D98005D4FBF /* Data */,
				9F8EE5A925ED1F8F005D4FBF /* StationsCollection.swift */,
				9F8EE5AC25ED1F98005D4FBF /* Station.swift */,
				9F8EE5A025ED07B2005D4FBF /* StationType.swift */,
			);
			path = Station;
			sourceTree = "<group>";
		};
		9F8EE5B125ED1FBA005D4FBF /* Train */ = {
			isa = PBXGroup;
			children = (
				9F8EE60B25EE3A7D005D4FBF /* Movements */,
				9F8EE5CC25ED766A005D4FBF /* CurrentTrainsCollection.swift */,
				9F8EE5D025ED76BE005D4FBF /* TrainPosition.swift */,
				9F8EE5A325ED09BA005D4FBF /* TrainType.swift */,
				9F8EE5D725ED7D21005D4FBF /* TrainStatus.swift */,
			);
			path = Train;
			sourceTree = "<group>";
		};
		9F8EE5BE25ED62DC005D4FBF /* Requests */ = {
			isa = PBXGroup;
			children = (
				9F8EE5BF25ED62ED005D4FBF /* GetAllStationsRequest.swift */,
				9F8EE5C225ED66D8005D4FBF /* GetCurrentTrainsRequest.swift */,
				9F8EE5E825ED8837005D4FBF /* GetStationDataByNameRequest.swift */,
				9F8EE5EB25ED884E005D4FBF /* GetStationDataByCodeRequest.swift */,
				9F8EE5FA25EE3226005D4FBF /* GetStationsFilterRequest.swift */,
				9F8EE61325EE6B61005D4FBF /* GetTrainMovementsRequest.swift */,
			);
			path = Requests;
			sourceTree = "<group>";
		};
		9F8EE5F125ED8D98005D4FBF /* Data */ = {
			isa = PBXGroup;
			children = (
				9F8EE5F225ED8DAA005D4FBF /* StationDataCollection.swift */,
				9F8EE5EE25ED891A005D4FBF /* StationData.swift */,
			);
			path = Data;
			sourceTree = "<group>";
		};
		9F8EE5FD25EE33D3005D4FBF /* Filter */ = {
			isa = PBXGroup;
			children = (
				9F8EE5FE25EE33E1005D4FBF /* StationsFilterCollection.swift */,
				9F8EE60225EE33FC005D4FBF /* StationFilter.swift */,
			);
			path = Filter;
			sourceTree = "<group>";
		};
		9F8EE60B25EE3A7D005D4FBF /* Movements */ = {
			isa = PBXGroup;
			children = (
				9F8EE60C25EE3A8D005D4FBF /* TrainMovementsCollection.swift */,
				9F8EE60F25EE3A9A005D4FBF /* TrainMovements.swift */,
			);
			path = Movements;
			sourceTree = "<group>";
		};
		9F8EE61925EE7B99005D4FBF /* Formatters */ = {
			isa = PBXGroup;
			children = (
				9F8EE61A25EE7BC2005D4FBF /* DateFormatter+DomainFormatters.swift */,
			);
			path = Formatters;
			sourceTree = "<group>";
		};
		9FBDCA8A25F026FF00273686 /* Strings */ = {
			isa = PBXGroup;
			children = (
				9FBDCAB225F0552300273686 /* Localizable.strings */,
			);
			path = Strings;
			sourceTree = "<group>";
		};
		9FBDCA8E25F03E5D00273686 /* UI */ = {
			isa = PBXGroup;
			children = (
				9FBDCA8F25F03E9000273686 /* SelectStationCellType.swift */,
			);
			path = UI;
			sourceTree = "<group>";
		};
		9FBDCA9225F0405D00273686 /* DTO */ = {
			isa = PBXGroup;
			children = (
				9F8EE5B025ED1FA6005D4FBF /* Station */,
				9F8EE5B125ED1FBA005D4FBF /* Train */,
			);
			path = DTO;
			sourceTree = "<group>";
		};
		9FBDCA9425F0432F00273686 /* Train */ = {
			isa = PBXGroup;
			children = (
				9F37018925F6D6D90004F6FC /* Layouts */,
				9F37017625F654930004F6FC /* DataProviders */,
				9FBDCA9E25F0439600273686 /* View */,
			);
			path = Train;
			sourceTree = "<group>";
		};
		9FBDCA9525F0433800273686 /* Station */ = {
			isa = PBXGroup;
			children = (
				9F1CAC222601019500727BCF /* Layouts */,
				9F3701C425F7D1500004F6FC /* DataProviders */,
				9FBDCA9625F0435900273686 /* View */,
			);
			path = Station;
			sourceTree = "<group>";
		};
		9FBDCA9625F0435900273686 /* View */ = {
			isa = PBXGroup;
			children = (
				9F1CAC172601004A00727BCF /* Cells */,
				9FBDCA9A25F0437A00273686 /* StationSceneViewModel.swift */,
				9FBDCA9725F0436B00273686 /* StationSceneViewController.swift */,
				9FBDCAAA25F0469C00273686 /* StationSceneViewController.storyboard */,
			);
			path = View;
			sourceTree = "<group>";
		};
		9FBDCA9E25F0439600273686 /* View */ = {
			isa = PBXGroup;
			children = (
				9F37017C25F6C3B60004F6FC /* Cells */,
				9FBDCAA225F043B300273686 /* TrainSceneViewModel.swift */,
				9FBDCA9F25F043A800273686 /* TrainSceneViewController.swift */,
				9FBDCAA625F0463300273686 /* TrainSceneViewController.storyboard */,
			);
			path = View;
			sourceTree = "<group>";
		};
		D84E795F9F4670B07A8423DC /* Pods */ = {
			isa = PBXGroup;
			children = (
				72F4910E5F7B923AC23659CB /* Pods-Trains.debug.xcconfig */,
				631DAE4B44D7DC24B2885A68 /* Pods-Trains.release.xcconfig */,
			);
			path = Pods;
			sourceTree = "<group>";
		};
		F53107AD163832B4838828D6 /* Frameworks */ = {
			isa = PBXGroup;
			children = (
				249A7518629635AED15627C3 /* Pods_Trains.framework */,
			);
			name = Frameworks;
			sourceTree = "<group>";
		};
/* End PBXGroup section */

/* Begin PBXNativeTarget section */
		9F57828B25EA31E400405E5E /* Trains */ = {
			isa = PBXNativeTarget;
			buildConfigurationList = 9F5782A025EA31EA00405E5E /* Build configuration list for PBXNativeTarget "Trains" */;
			buildPhases = (
				11FD4298A449B25F172E6BCF /* [CP] Check Pods Manifest.lock */,
				9F57828825EA31E400405E5E /* Sources */,
				9F57828925EA31E400405E5E /* Frameworks */,
				9F57828A25EA31E400405E5E /* Resources */,
				4C2F1030847760E42AB6CF0E /* [CP] Embed Pods Frameworks */,
			);
			buildRules = (
			);
			dependencies = (
			);
			name = Trains;
			productName = Trains;
			productReference = 9F57828C25EA31E400405E5E /* Trains.app */;
			productType = "com.apple.product-type.application";
		};
/* End PBXNativeTarget section */

/* Begin PBXProject section */
		9F57828425EA31E400405E5E /* Project object */ = {
			isa = PBXProject;
			attributes = {
				LastSwiftUpdateCheck = 1230;
				LastUpgradeCheck = 1230;
				TargetAttributes = {
					9F57828B25EA31E400405E5E = {
						CreatedOnToolsVersion = 12.3;
					};
				};
			};
			buildConfigurationList = 9F57828725EA31E400405E5E /* Build configuration list for PBXProject "Trains" */;
			compatibilityVersion = "Xcode 9.3";
			developmentRegion = en;
			hasScannedForEncodings = 0;
			knownRegions = (
				en,
				Base,
			);
			mainGroup = 9F57828325EA31E400405E5E;
			productRefGroup = 9F57828D25EA31E400405E5E /* Products */;
			projectDirPath = "";
			projectRoot = "";
			targets = (
				9F57828B25EA31E400405E5E /* Trains */,
			);
		};
/* End PBXProject section */

/* Begin PBXResourcesBuildPhase section */
		9F57828A25EA31E400405E5E /* Resources */ = {
			isa = PBXResourcesBuildPhase;
			buildActionMask = 2147483647;
			files = (
				9F1CAC1D2601006000727BCF /* StationCell.xib in Resources */,
				9F37018425F6C4BD0004F6FC /* TrainCell.xib in Resources */,
				9F3701B825F7AC410004F6FC /* TrainDetailsCell.xib in Resources */,
				9FBDCAA725F0463300273686 /* TrainSceneViewController.storyboard in Resources */,
				9F3701A025F79C080004F6FC /* TrainDetailsSceneViewController.storyboard in Resources */,
				9FBDCAAB25F0469C00273686 /* StationSceneViewController.storyboard in Resources */,
				9F8EE62825EEA0FE005D4FBF /* MainSceneViewController.storyboard in Resources */,
				9FBDCAB025F0552300273686 /* Localizable.strings in Resources */,
				9F57829C25EA31EA00405E5E /* LaunchScreen.storyboard in Resources */,
				9F57829925EA31EA00405E5E /* Assets.xcassets in Resources */,
			);
			runOnlyForDeploymentPostprocessing = 0;
		};
/* End PBXResourcesBuildPhase section */

/* Begin PBXShellScriptBuildPhase section */
		11FD4298A449B25F172E6BCF /* [CP] Check Pods Manifest.lock */ = {
			isa = PBXShellScriptBuildPhase;
			buildActionMask = 2147483647;
			files = (
			);
			inputFileListPaths = (
			);
			inputPaths = (
				"${PODS_PODFILE_DIR_PATH}/Podfile.lock",
				"${PODS_ROOT}/Manifest.lock",
			);
			name = "[CP] Check Pods Manifest.lock";
			outputFileListPaths = (
			);
			outputPaths = (
				"$(DERIVED_FILE_DIR)/Pods-Trains-checkManifestLockResult.txt",
			);
			runOnlyForDeploymentPostprocessing = 0;
			shellPath = /bin/sh;
			shellScript = "diff \"${PODS_PODFILE_DIR_PATH}/Podfile.lock\" \"${PODS_ROOT}/Manifest.lock\" > /dev/null\nif [ $? != 0 ] ; then\n    # print error to STDERR\n    echo \"error: The sandbox is not in sync with the Podfile.lock. Run 'pod install' or update your CocoaPods installation.\" >&2\n    exit 1\nfi\n# This output is used by Xcode 'outputs' to avoid re-running this script phase.\necho \"SUCCESS\" > \"${SCRIPT_OUTPUT_FILE_0}\"\n";
			showEnvVarsInLog = 0;
		};
		4C2F1030847760E42AB6CF0E /* [CP] Embed Pods Frameworks */ = {
			isa = PBXShellScriptBuildPhase;
			buildActionMask = 2147483647;
			files = (
			);
			inputFileListPaths = (
				"${PODS_ROOT}/Target Support Files/Pods-Trains/Pods-Trains-frameworks-${CONFIGURATION}-input-files.xcfilelist",
			);
			name = "[CP] Embed Pods Frameworks";
			outputFileListPaths = (
				"${PODS_ROOT}/Target Support Files/Pods-Trains/Pods-Trains-frameworks-${CONFIGURATION}-output-files.xcfilelist",
			);
			runOnlyForDeploymentPostprocessing = 0;
			shellPath = /bin/sh;
			shellScript = "\"${PODS_ROOT}/Target Support Files/Pods-Trains/Pods-Trains-frameworks.sh\"\n";
			showEnvVarsInLog = 0;
		};
/* End PBXShellScriptBuildPhase section */

/* Begin PBXSourcesBuildPhase section */
		9F57828825EA31E400405E5E /* Sources */ = {
			isa = PBXSourcesBuildPhase;
			buildActionMask = 2147483647;
			files = (
				9FBDCA8025F0080A00273686 /* SelectStationCell.swift in Sources */,
				9F8EE56325EABA87005D4FBF /* MainCoordinator.swift in Sources */,
				9F8EE5C625ED6728005D4FBF /* GetCurrentTrainsUseCase.swift in Sources */,
				9F8EE5C925ED6755005D4FBF /* GetCurrentTrainsRepository.swift in Sources */,
				9F8EE60D25EE3A8D005D4FBF /* TrainMovementsCollection.swift in Sources */,
				9F37018125F6C44A0004F6FC /* TrainCellViewModel.swift in Sources */,
				9F8EE5F325ED8DAA005D4FBF /* StationDataCollection.swift in Sources */,
				9F1CAC20260100AB00727BCF /* StationCellViewModel.swift in Sources */,
				9F3701C125F7B2F50004F6FC /* TrainDetailsSceneDataProvider.swift in Sources */,
				9F3701BB25F7AC4B0004F6FC /* TrainDetailsViewModel.swift in Sources */,
				9F1CAC152600FF5C00727BCF /* StationTableViewDataProvider.swift in Sources */,
				9F8EE58425EABE34005D4FBF /* APIRouter.swift in Sources */,
				9F8EE5FB25EE3226005D4FBF /* GetStationsFilterRequest.swift in Sources */,
				9F8EE57325EABCD9005D4FBF /* AppDomainError.swift in Sources */,
				9F8EE5DE25ED878E005D4FBF /* GetStationDataByCodeUseCase.swift in Sources */,
				9F8EE56B25EABBC3005D4FBF /* MainSceneViewController.swift in Sources */,
				9FBDCA8325F0084800273686 /* SelectStationCellViewModel.swift in Sources */,
				9F8EE56E25EABBDF005D4FBF /* MainSceneViewModel.swift in Sources */,
				9F8EE60925EE3A56005D4FBF /* GetTrainMovementsUseCase.swift in Sources */,
				9F8EE5B425ED26B4005D4FBF /* GetAllStationsRepository.swift in Sources */,
				9F8EE58025EABDE1005D4FBF /* NetworkManager.swift in Sources */,
				9F8EE5CD25ED766A005D4FBF /* CurrentTrainsCollection.swift in Sources */,
				9F8EE5E325ED87EC005D4FBF /* GetStationDataByNameRepository.swift in Sources */,
				9F8EE5EF25ED891A005D4FBF /* StationData.swift in Sources */,
				9F8EE60625EE3673005D4FBF /* GetStationsFilterRepository.swift in Sources */,
				9FBDCAA025F043A800273686 /* TrainSceneViewController.swift in Sources */,
				9F8EE5A425ED09BA005D4FBF /* TrainType.swift in Sources */,
				9F8EE5DB25ED8778005D4FBF /* GetStationDataByNameUseCase.swift in Sources */,
				9F8EE58725EABF4B005D4FBF /* Identifiable.swift in Sources */,
				9F8EE5E625ED8811005D4FBF /* GetStationDataByCodeRepository.swift in Sources */,
				9F8EE5E925ED8837005D4FBF /* GetStationDataByNameRequest.swift in Sources */,
				9F8EE5AD25ED1F98005D4FBF /* Station.swift in Sources */,
				9F8EE60325EE33FC005D4FBF /* StationFilter.swift in Sources */,
				9F8EE59025EAC10C005D4FBF /* Constants.swift in Sources */,
				9F8EE5AA25ED1F8F005D4FBF /* StationsCollection.swift in Sources */,
				9F8EE61425EE6B61005D4FBF /* GetTrainMovementsRequest.swift in Sources */,
				9F8EE55825EAB9CD005D4FBF /* AppInitialiser.swift in Sources */,
				9F8EE5A725ED1F15005D4FBF /* GetAllStationsUseCase.swift in Sources */,
				9F1CAC24260101A100727BCF /* StationSceneLayouts.swift in Sources */,
				9F8EE5FF25EE33E1005D4FBF /* StationsFilterCollection.swift in Sources */,
				9FBDCA9025F03E9000273686 /* SelectStationCellType.swift in Sources */,
				9FBDCA8825F026BF00273686 /* String+Additions.swift in Sources */,
				9F8EE5C025ED62ED005D4FBF /* GetAllStationsRequest.swift in Sources */,
				9F8EE61025EE3A9A005D4FBF /* TrainMovements.swift in Sources */,
				9F8EE5D125ED76BE005D4FBF /* TrainPosition.swift in Sources */,
				9F8EE61725EE6C41005D4FBF /* GetTrainMovementsRepository.swift in Sources */,
				9F1CAC192601005500727BCF /* StationCell.swift in Sources */,
				9F3701B425F7AC380004F6FC /* TrainDetailsCell.swift in Sources */,
				9F37019C25F79BF70004F6FC /* TrainDetailsSceneViewController.swift in Sources */,
				9F8EE62425EEA0C9005D4FBF /* StoryboardInstantiable.swift in Sources */,
				9F8EE57B25EABD7C005D4FBF /* UseCase.swift in Sources */,
				9F57829025EA31E400405E5E /* AppDelegate.swift in Sources */,
				9F8EE5EC25ED884E005D4FBF /* GetStationDataByCodeRequest.swift in Sources */,
				9F8EE55525EAB957005D4FBF /* AppDIContainer.swift in Sources */,
				9F8EE55B25EAB9EF005D4FBF /* AppTheme.swift in Sources */,
				9F3701A325F79C180004F6FC /* TrainDetailsSceneViewModel.swift in Sources */,
				9F8EE61B25EE7BC2005D4FBF /* DateFormatter+DomainFormatters.swift in Sources */,
				9FBDCAA325F043B300273686 /* TrainSceneViewModel.swift in Sources */,
				9F37018B25F6D6EE0004F6FC /* TrainSceneLayouts.swift in Sources */,
				9F8EE59925EAC9A0005D4FBF /* TrainSceneDataProvider.swift in Sources */,
				9F8EE5A125ED07B2005D4FBF /* StationType.swift in Sources */,
				9F8EE5D825ED7D21005D4FBF /* TrainStatus.swift in Sources */,
				9FBDCA9B25F0437A00273686 /* StationSceneViewModel.swift in Sources */,
				9FBDCA9825F0436B00273686 /* StationSceneViewController.swift in Sources */,
				9F8EE5F825EE3204005D4FBF /* GetStationsFilterUseCase.swift in Sources */,
				9F8EE55F25EABA71005D4FBF /* Coordinatable.swift in Sources */,
				9F8EE62125EE9D28005D4FBF /* NibInstantiable.swift in Sources */,
				9F8EE5C325ED66D8005D4FBF /* GetCurrentTrainsRequest.swift in Sources */,
				9F37017E25F6C3C60004F6FC /* TrainCell.swift in Sources */,
			);
			runOnlyForDeploymentPostprocessing = 0;
		};
/* End PBXSourcesBuildPhase section */

/* Begin PBXVariantGroup section */
		9F57829A25EA31EA00405E5E /* LaunchScreen.storyboard */ = {
			isa = PBXVariantGroup;
			children = (
				9F57829B25EA31EA00405E5E /* Base */,
			);
			name = LaunchScreen.storyboard;
			sourceTree = "<group>";
		};
		9FBDCAB225F0552300273686 /* Localizable.strings */ = {
			isa = PBXVariantGroup;
			children = (
				9FBDCAB125F0552300273686 /* en */,
			);
			name = Localizable.strings;
			sourceTree = "<group>";
		};
/* End PBXVariantGroup section */

/* Begin XCBuildConfiguration section */
		9F57829E25EA31EA00405E5E /* Debug */ = {
			isa = XCBuildConfiguration;
			buildSettings = {
				ALWAYS_SEARCH_USER_PATHS = NO;
				CLANG_ANALYZER_NONNULL = YES;
				CLANG_ANALYZER_NUMBER_OBJECT_CONVERSION = YES_AGGRESSIVE;
				CLANG_CXX_LANGUAGE_STANDARD = "gnu++14";
				CLANG_CXX_LIBRARY = "libc++";
				CLANG_ENABLE_MODULES = YES;
				CLANG_ENABLE_OBJC_ARC = YES;
				CLANG_ENABLE_OBJC_WEAK = YES;
				CLANG_WARN_BLOCK_CAPTURE_AUTORELEASING = YES;
				CLANG_WARN_BOOL_CONVERSION = YES;
				CLANG_WARN_COMMA = YES;
				CLANG_WARN_CONSTANT_CONVERSION = YES;
				CLANG_WARN_DEPRECATED_OBJC_IMPLEMENTATIONS = YES;
				CLANG_WARN_DIRECT_OBJC_ISA_USAGE = YES_ERROR;
				CLANG_WARN_DOCUMENTATION_COMMENTS = YES;
				CLANG_WARN_EMPTY_BODY = YES;
				CLANG_WARN_ENUM_CONVERSION = YES;
				CLANG_WARN_INFINITE_RECURSION = YES;
				CLANG_WARN_INT_CONVERSION = YES;
				CLANG_WARN_NON_LITERAL_NULL_CONVERSION = YES;
				CLANG_WARN_OBJC_IMPLICIT_RETAIN_SELF = YES;
				CLANG_WARN_OBJC_LITERAL_CONVERSION = YES;
				CLANG_WARN_OBJC_ROOT_CLASS = YES_ERROR;
				CLANG_WARN_QUOTED_INCLUDE_IN_FRAMEWORK_HEADER = YES;
				CLANG_WARN_RANGE_LOOP_ANALYSIS = YES;
				CLANG_WARN_STRICT_PROTOTYPES = YES;
				CLANG_WARN_SUSPICIOUS_MOVE = YES;
				CLANG_WARN_UNGUARDED_AVAILABILITY = YES_AGGRESSIVE;
				CLANG_WARN_UNREACHABLE_CODE = YES;
				CLANG_WARN__DUPLICATE_METHOD_MATCH = YES;
				COPY_PHASE_STRIP = NO;
				DEBUG_INFORMATION_FORMAT = dwarf;
				ENABLE_STRICT_OBJC_MSGSEND = YES;
				ENABLE_TESTABILITY = YES;
				GCC_C_LANGUAGE_STANDARD = gnu11;
				GCC_DYNAMIC_NO_PIC = NO;
				GCC_NO_COMMON_BLOCKS = YES;
				GCC_OPTIMIZATION_LEVEL = 0;
				GCC_PREPROCESSOR_DEFINITIONS = (
					"DEBUG=1",
					"$(inherited)",
				);
				GCC_WARN_64_TO_32_BIT_CONVERSION = YES;
				GCC_WARN_ABOUT_RETURN_TYPE = YES_ERROR;
				GCC_WARN_UNDECLARED_SELECTOR = YES;
				GCC_WARN_UNINITIALIZED_AUTOS = YES_AGGRESSIVE;
				GCC_WARN_UNUSED_FUNCTION = YES;
				GCC_WARN_UNUSED_VARIABLE = YES;
				IPHONEOS_DEPLOYMENT_TARGET = 14.3;
				MTL_ENABLE_DEBUG_INFO = INCLUDE_SOURCE;
				MTL_FAST_MATH = YES;
				ONLY_ACTIVE_ARCH = YES;
				SDKROOT = iphoneos;
				SWIFT_ACTIVE_COMPILATION_CONDITIONS = DEBUG;
				SWIFT_OPTIMIZATION_LEVEL = "-Onone";
			};
			name = Debug;
		};
		9F57829F25EA31EA00405E5E /* Release */ = {
			isa = XCBuildConfiguration;
			buildSettings = {
				ALWAYS_SEARCH_USER_PATHS = NO;
				CLANG_ANALYZER_NONNULL = YES;
				CLANG_ANALYZER_NUMBER_OBJECT_CONVERSION = YES_AGGRESSIVE;
				CLANG_CXX_LANGUAGE_STANDARD = "gnu++14";
				CLANG_CXX_LIBRARY = "libc++";
				CLANG_ENABLE_MODULES = YES;
				CLANG_ENABLE_OBJC_ARC = YES;
				CLANG_ENABLE_OBJC_WEAK = YES;
				CLANG_WARN_BLOCK_CAPTURE_AUTORELEASING = YES;
				CLANG_WARN_BOOL_CONVERSION = YES;
				CLANG_WARN_COMMA = YES;
				CLANG_WARN_CONSTANT_CONVERSION = YES;
				CLANG_WARN_DEPRECATED_OBJC_IMPLEMENTATIONS = YES;
				CLANG_WARN_DIRECT_OBJC_ISA_USAGE = YES_ERROR;
				CLANG_WARN_DOCUMENTATION_COMMENTS = YES;
				CLANG_WARN_EMPTY_BODY = YES;
				CLANG_WARN_ENUM_CONVERSION = YES;
				CLANG_WARN_INFINITE_RECURSION = YES;
				CLANG_WARN_INT_CONVERSION = YES;
				CLANG_WARN_NON_LITERAL_NULL_CONVERSION = YES;
				CLANG_WARN_OBJC_IMPLICIT_RETAIN_SELF = YES;
				CLANG_WARN_OBJC_LITERAL_CONVERSION = YES;
				CLANG_WARN_OBJC_ROOT_CLASS = YES_ERROR;
				CLANG_WARN_QUOTED_INCLUDE_IN_FRAMEWORK_HEADER = YES;
				CLANG_WARN_RANGE_LOOP_ANALYSIS = YES;
				CLANG_WARN_STRICT_PROTOTYPES = YES;
				CLANG_WARN_SUSPICIOUS_MOVE = YES;
				CLANG_WARN_UNGUARDED_AVAILABILITY = YES_AGGRESSIVE;
				CLANG_WARN_UNREACHABLE_CODE = YES;
				CLANG_WARN__DUPLICATE_METHOD_MATCH = YES;
				COPY_PHASE_STRIP = NO;
				DEBUG_INFORMATION_FORMAT = "dwarf-with-dsym";
				ENABLE_NS_ASSERTIONS = NO;
				ENABLE_STRICT_OBJC_MSGSEND = YES;
				GCC_C_LANGUAGE_STANDARD = gnu11;
				GCC_NO_COMMON_BLOCKS = YES;
				GCC_WARN_64_TO_32_BIT_CONVERSION = YES;
				GCC_WARN_ABOUT_RETURN_TYPE = YES_ERROR;
				GCC_WARN_UNDECLARED_SELECTOR = YES;
				GCC_WARN_UNINITIALIZED_AUTOS = YES_AGGRESSIVE;
				GCC_WARN_UNUSED_FUNCTION = YES;
				GCC_WARN_UNUSED_VARIABLE = YES;
				IPHONEOS_DEPLOYMENT_TARGET = 14.3;
				MTL_ENABLE_DEBUG_INFO = NO;
				MTL_FAST_MATH = YES;
				SDKROOT = iphoneos;
				SWIFT_COMPILATION_MODE = wholemodule;
				SWIFT_OPTIMIZATION_LEVEL = "-O";
				VALIDATE_PRODUCT = YES;
			};
			name = Release;
		};
		9F5782A125EA31EA00405E5E /* Debug */ = {
			isa = XCBuildConfiguration;
			baseConfigurationReference = 72F4910E5F7B923AC23659CB /* Pods-Trains.debug.xcconfig */;
			buildSettings = {
				ASSETCATALOG_COMPILER_APPICON_NAME = AppIcon;
				ASSETCATALOG_COMPILER_GLOBAL_ACCENT_COLOR_NAME = AccentColor;
				CODE_SIGN_STYLE = Automatic;
				DEVELOPMENT_TEAM = E8T7434UBS;
				INFOPLIST_FILE = Trains/SupportingFiles/Info.plist;
				LD_RUNPATH_SEARCH_PATHS = (
					"$(inherited)",
					"@executable_path/Frameworks",
				);
				PRODUCT_BUNDLE_IDENTIFIER = com.pokerstars.dkg.Trains;
				PRODUCT_NAME = "$(TARGET_NAME)";
				SWIFT_VERSION = 5.0;
				TARGETED_DEVICE_FAMILY = 1;
			};
			name = Debug;
		};
		9F5782A225EA31EA00405E5E /* Release */ = {
			isa = XCBuildConfiguration;
			baseConfigurationReference = 631DAE4B44D7DC24B2885A68 /* Pods-Trains.release.xcconfig */;
			buildSettings = {
				ASSETCATALOG_COMPILER_APPICON_NAME = AppIcon;
				ASSETCATALOG_COMPILER_GLOBAL_ACCENT_COLOR_NAME = AccentColor;
				CODE_SIGN_STYLE = Automatic;
				DEVELOPMENT_TEAM = E8T7434UBS;
				INFOPLIST_FILE = Trains/SupportingFiles/Info.plist;
				LD_RUNPATH_SEARCH_PATHS = (
					"$(inherited)",
					"@executable_path/Frameworks",
				);
				PRODUCT_BUNDLE_IDENTIFIER = com.pokerstars.dkg.Trains;
				PRODUCT_NAME = "$(TARGET_NAME)";
				SWIFT_VERSION = 5.0;
				TARGETED_DEVICE_FAMILY = 1;
			};
			name = Release;
		};
/* End XCBuildConfiguration section */

/* Begin XCConfigurationList section */
		9F57828725EA31E400405E5E /* Build configuration list for PBXProject "Trains" */ = {
			isa = XCConfigurationList;
			buildConfigurations = (
				9F57829E25EA31EA00405E5E /* Debug */,
				9F57829F25EA31EA00405E5E /* Release */,
			);
			defaultConfigurationIsVisible = 0;
			defaultConfigurationName = Release;
		};
		9F5782A025EA31EA00405E5E /* Build configuration list for PBXNativeTarget "Trains" */ = {
			isa = XCConfigurationList;
			buildConfigurations = (
				9F5782A125EA31EA00405E5E /* Debug */,
				9F5782A225EA31EA00405E5E /* Release */,
			);
			defaultConfigurationIsVisible = 0;
			defaultConfigurationName = Release;
		};
/* End XCConfigurationList section */
	};
	rootObject = 9F57828425EA31E400405E5E /* Project object */;
}
